
Microsoft Visual Studio Solution File, Format Version 12.00
# Visual Studio Version 16
VisualStudioVersion = 16.0.31729.503
MinimumVisualStudioVersion = 10.0.40219.1
Project("{FAE04EC0-301F-11D3-BF4B-00C04F79EFBC}") = "ETrade.Presentation", "ETrade.Presentation\ETrade.Presentation.csproj", "{C9659670-0670-44F5-8060-79E801F40FAF}"
EndProject
Project("{FAE04EC0-301F-11D3-BF4B-00C04F79EFBC}") = "ETrade.Core", "ETrade.Core\ETrade.Core.csproj", "{6F77722A-2DF4-42E8-B0EE-5B380F4E7A59}"
EndProject
Project("{FAE04EC0-301F-11D3-BF4B-00C04F79EFBC}") = "ETrade.Entities", "ETrade.Entities\ETrade.Entities.csproj", "{E50550E1-26B7-48C7-B0AB-5F6FCEF791EE}"
EndProject
Project("{FAE04EC0-301F-11D3-BF4B-00C04F79EFBC}") = "ETrade.DataAccess", "ETrade.DataAccess\ETrade.DataAccess.csproj", "{F6142EFE-9774-4002-B0A4-2C6043BFE6C8}"
EndProject
Project("{FAE04EC0-301F-11D3-BF4B-00C04F79EFBC}") = "ETrade.Business", "ETrade.Business\ETrade.Business.csproj", "{FE6BD38F-84C6-4A8D-BF3A-C472B831151D}"
EndProject
Global
	GlobalSection(SolutionConfigurationPlatforms) = preSolution
		Debug|Any CPU = Debug|Any CPU
		Release|Any CPU = Release|Any CPU
	EndGlobalSection
	GlobalSection(ProjectConfigurationPlatforms) = postSolution
		{C9659670-0670-44F5-8060-79E801F40FAF}.Debug|Any CPU.ActiveCfg = Debug|Any CPU
		{C9659670-0670-44F5-8060-79E801F40FAF}.Debug|Any CPU.Build.0 = Debug|Any CPU
		{C9659670-0670-44F5-8060-79E801F40FAF}.Release|Any CPU.ActiveCfg = Release|Any CPU
		{C9659670-0670-44F5-8060-79E801F40FAF}.Release|Any CPU.Build.0 = Release|Any CPU
		{6F77722A-2DF4-42E8-B0EE-5B380F4E7A59}.Debug|Any CPU.ActiveCfg = Debug|Any CPU
		{6F77722A-2DF4-42E8-B0EE-5B380F4E7A59}.Debug|Any CPU.Build.0 = Debug|Any CPU
		{6F77722A-2DF4-42E8-B0EE-5B380F4E7A59}.Release|Any CPU.ActiveCfg = Release|Any CPU
		{6F77722A-2DF4-42E8-B0EE-5B380F4E7A59}.Release|Any CPU.Build.0 = Release|Any CPU
		{E50550E1-26B7-48C7-B0AB-5F6FCEF791EE}.Debug|Any CPU.ActiveCfg = Debug|Any CPU
		{E50550E1-26B7-48C7-B0AB-5F6FCEF791EE}.Debug|Any CPU.Build.0 = Debug|Any CPU
		{E50550E1-26B7-48C7-B0AB-5F6FCEF791EE}.Release|Any CPU.ActiveCfg = Release|Any CPU
		{E50550E1-26B7-48C7-B0AB-5F6FCEF791EE}.Release|Any CPU.Build.0 = Release|Any CPU
		{F6142EFE-9774-4002-B0A4-2C6043BFE6C8}.Debug|Any CPU.ActiveCfg = Debug|Any CPU
		{F6142EFE-9774-4002-B0A4-2C6043BFE6C8}.Debug|Any CPU.Build.0 = Debug|Any CPU
		{F6142EFE-9774-4002-B0A4-2C6043BFE6C8}.Release|Any CPU.ActiveCfg = Release|Any CPU
		{F6142EFE-9774-4002-B0A4-2C6043BFE6C8}.Release|Any CPU.Build.0 = Release|Any CPU
		{FE6BD38F-84C6-4A8D-BF3A-C472B831151D}.Debug|Any CPU.ActiveCfg = Debug|Any CPU
		{FE6BD38F-84C6-4A8D-BF3A-C472B831151D}.Debug|Any CPU.Build.0 = Debug|Any CPU
		{FE6BD38F-84C6-4A8D-BF3A-C472B831151D}.Release|Any CPU.ActiveCfg = Release|Any CPU
		{FE6BD38F-84C6-4A8D-BF3A-C472B831151D}.Release|Any CPU.Build.0 = Release|Any CPU
	EndGlobalSection
	GlobalSection(SolutionProperties) = preSolution
		HideSolutionNode = FALSE
	EndGlobalSection
	GlobalSection(ExtensibilityGlobals) = postSolution
		SolutionGuid = {19724A8A-F6EB-4D8C-A91E-F5EB2776AB91}
	EndGlobalSection
EndGlobal
